
Microsoft Visual Studio Solution File, Format Version 11.00
# Visual Studio 2010
Project("{FAE04EC0-301F-11D3-BF4B-00C04F79EFBC}") = "AsposeImaging", "AsposeImaging.csproj", "{63B4121D-76BB-4300-9157-05665EA2E426}"
EndProject
Project("{FAE04EC0-301F-11D3-BF4B-00C04F79EFBC}") = "ImagingTest", "ImagingTest\ImagingTest.csproj", "{4BA1BA63-8DF8-4098-B82E-A220F9CF357D}"
EndProject
Project("{2150E333-8FDC-42A3-9474-1A3956D46DE8}") = "Solution Items", "Solution Items", "{5D6BF3DB-7A33-4FE2-A83E-0FA98476FB6B}"
	ProjectSection(SolutionItems) = preProject
		AsposeImaging.vsmdi = AsposeImaging.vsmdi
		Local.testsettings = Local.testsettings
		TraceAndTestImpact.testsettings = TraceAndTestImpact.testsettings
	EndProjectSection
EndProject
Global
	GlobalSection(TestCaseManagementSettings) = postSolution
		CategoryFile = AsposeImaging.vsmdi
	EndGlobalSection
	GlobalSection(SolutionConfigurationPlatforms) = preSolution
		Debug|Any CPU = Debug|Any CPU
		Debug|Mixed Platforms = Debug|Mixed Platforms
		Debug|x86 = Debug|x86
		Release|Any CPU = Release|Any CPU
		Release|Mixed Platforms = Release|Mixed Platforms
		Release|x86 = Release|x86
	EndGlobalSection
	GlobalSection(ProjectConfigurationPlatforms) = postSolution
		{63B4121D-76BB-4300-9157-05665EA2E426}.Debug|Any CPU.ActiveCfg = Debug|x86
		{63B4121D-76BB-4300-9157-05665EA2E426}.Debug|Mixed Platforms.ActiveCfg = Debug|x86
		{63B4121D-76BB-4300-9157-05665EA2E426}.Debug|Mixed Platforms.Build.0 = Debug|x86
		{63B4121D-76BB-4300-9157-05665EA2E426}.Debug|x86.ActiveCfg = Debug|x86
		{63B4121D-76BB-4300-9157-05665EA2E426}.Debug|x86.Build.0 = Debug|x86
		{63B4121D-76BB-4300-9157-05665EA2E426}.Release|Any CPU.ActiveCfg = Release|x86
		{63B4121D-76BB-4300-9157-05665EA2E426}.Release|Mixed Platforms.ActiveCfg = Release|x86
		{63B4121D-76BB-4300-9157-05665EA2E426}.Release|Mixed Platforms.Build.0 = Release|x86
		{63B4121D-76BB-4300-9157-05665EA2E426}.Release|x86.ActiveCfg = Release|x86
		{63B4121D-76BB-4300-9157-05665EA2E426}.Release|x86.Build.0 = Release|x86
		{4BA1BA63-8DF8-4098-B82E-A220F9CF357D}.Debug|Any CPU.ActiveCfg = Debug|Any CPU
		{4BA1BA63-8DF8-4098-B82E-A220F9CF357D}.Debug|Any CPU.Build.0 = Debug|Any CPU
		{4BA1BA63-8DF8-4098-B82E-A220F9CF357D}.Debug|Mixed Platforms.ActiveCfg = Debug|Any CPU
		{4BA1BA63-8DF8-4098-B82E-A220F9CF357D}.Debug|Mixed Platforms.Build.0 = Debug|Any CPU
		{4BA1BA63-8DF8-4098-B82E-A220F9CF357D}.Debug|x86.ActiveCfg = Debug|Any CPU
		{4BA1BA63-8DF8-4098-B82E-A220F9CF357D}.Release|Any CPU.ActiveCfg = Release|Any CPU
		{4BA1BA63-8DF8-4098-B82E-A220F9CF357D}.Release|Any CPU.Build.0 = Release|Any CPU
		{4BA1BA63-8DF8-4098-B82E-A220F9CF357D}.Release|Mixed Platforms.ActiveCfg = Release|Any CPU
		{4BA1BA63-8DF8-4098-B82E-A220F9CF357D}.Release|Mixed Platforms.Build.0 = Release|Any CPU
		{4BA1BA63-8DF8-4098-B82E-A220F9CF357D}.Release|x86.ActiveCfg = Release|Any CPU
	EndGlobalSection
	GlobalSection(SolutionProperties) = preSolution
		HideSolutionNode = FALSE
	EndGlobalSection
EndGlobal
